
Microsoft Visual Studio Solution File, Format Version 12.00
# Visual Studio Version 17
VisualStudioVersion = 17.3.32825.248
MinimumVisualStudioVersion = 10.0.40219.1
Project("{9A19103F-16F7-4668-BE54-9A1E7A4F7556}") = "VentasRopaMayorista", "VentasRopaMayorista.csproj", "{68FE844B-794A-4C2C-B396-E857471CE23F}"
EndProject
Global
	GlobalSection(SolutionConfigurationPlatforms) = preSolution
		Debug|Any CPU = Debug|Any CPU
		Release|Any CPU = Release|Any CPU
	EndGlobalSection
	GlobalSection(ProjectConfigurationPlatforms) = postSolution
		{68FE844B-794A-4C2C-B396-E857471CE23F}.Debug|Any CPU.ActiveCfg = Debug|Any CPU
		{68FE844B-794A-4C2C-B396-E857471CE23F}.Debug|Any CPU.Build.0 = Debug|Any CPU
		{68FE844B-794A-4C2C-B396-E857471CE23F}.Release|Any CPU.ActiveCfg = Release|Any CPU
		{68FE844B-794A-4C2C-B396-E857471CE23F}.Release|Any CPU.Build.0 = Release|Any CPU
	EndGlobalSection
	GlobalSection(SolutionProperties) = preSolution
		HideSolutionNode = FALSE
	EndGlobalSection
	GlobalSection(ExtensibilityGlobals) = postSolution
		SolutionGuid = {A46ED8A9-7500-46C5-BBD3-EEA63BED22A8}
	EndGlobalSection
EndGlobal
